// !$*UTF8*$!
{
	archiveVersion = 1;
	classes = {
	};
	objectVersion = 56;
	objects = {

/* Begin PBXBuildFile section */
		3D459B9F2C7353EA00AA1BB3 /* AppDelegate.swift in Sources */ = {isa = PBXBuildFile; fileRef = 3D459B9E2C7353EA00AA1BB3 /* AppDelegate.swift */; };
		3D459BA12C7353EA00AA1BB3 /* SceneDelegate.swift in Sources */ = {isa = PBXBuildFile; fileRef = 3D459BA02C7353EA00AA1BB3 /* SceneDelegate.swift */; };
		3D459BA32C7353EA00AA1BB3 /* HomeVC.swift in Sources */ = {isa = PBXBuildFile; fileRef = 3D459BA22C7353EA00AA1BB3 /* HomeVC.swift */; };
		3D459BA82C7353ED00AA1BB3 /* Assets.xcassets in Resources */ = {isa = PBXBuildFile; fileRef = 3D459BA72C7353ED00AA1BB3 /* Assets.xcassets */; };
		3D459BAB2C7353ED00AA1BB3 /* LaunchScreen.storyboard in Resources */ = {isa = PBXBuildFile; fileRef = 3D459BA92C7353ED00AA1BB3 /* LaunchScreen.storyboard */; };
		3D459BC02C74EAA200AA1BB3 /* DGCharts in Frameworks */ = {isa = PBXBuildFile; productRef = 3D459BBF2C74EAA200AA1BB3 /* DGCharts */; };
		3D459BC22C74EAA200AA1BB3 /* DGChartsDynamic in Frameworks */ = {isa = PBXBuildFile; productRef = 3D459BC12C74EAA200AA1BB3 /* DGChartsDynamic */; };
		3D459BC52C74EFCD00AA1BB3 /* UICircularProgressRing in Frameworks */ = {isa = PBXBuildFile; productRef = 3D459BC42C74EFCD00AA1BB3 /* UICircularProgressRing */; };
		3D459BC72C74F2ED00AA1BB3 /* CircularProgressView.swift in Sources */ = {isa = PBXBuildFile; fileRef = 3D459BC62C74F2ED00AA1BB3 /* CircularProgressView.swift */; };
/* End PBXBuildFile section */

/* Begin PBXFileReference section */
		3D459B9B2C7353EA00AA1BB3 /* Heal.app */ = {isa = PBXFileReference; explicitFileType = wrapper.application; includeInIndex = 0; path = Heal.app; sourceTree = BUILT_PRODUCTS_DIR; };
		3D459B9E2C7353EA00AA1BB3 /* AppDelegate.swift */ = {isa = PBXFileReference; lastKnownFileType = sourcecode.swift; path = AppDelegate.swift; sourceTree = "<group>"; };
		3D459BA02C7353EA00AA1BB3 /* SceneDelegate.swift */ = {isa = PBXFileReference; lastKnownFileType = sourcecode.swift; path = SceneDelegate.swift; sourceTree = "<group>"; };
		3D459BA22C7353EA00AA1BB3 /* HomeVC.swift */ = {isa = PBXFileReference; lastKnownFileType = sourcecode.swift; path = HomeVC.swift; sourceTree = "<group>"; };
		3D459BA72C7353ED00AA1BB3 /* Assets.xcassets */ = {isa = PBXFileReference; lastKnownFileType = folder.assetcatalog; path = Assets.xcassets; sourceTree = "<group>"; };
		3D459BAA2C7353ED00AA1BB3 /* Base */ = {isa = PBXFileReference; lastKnownFileType = file.storyboard; name = Base; path = Base.lproj/LaunchScreen.storyboard; sourceTree = "<group>"; };
		3D459BAC2C7353ED00AA1BB3 /* Info.plist */ = {isa = PBXFileReference; lastKnownFileType = text.plist.xml; path = Info.plist; sourceTree = "<group>"; };
		3D459BC62C74F2ED00AA1BB3 /* CircularProgressView.swift */ = {isa = PBXFileReference; lastKnownFileType = sourcecode.swift; path = CircularProgressView.swift; sourceTree = "<group>"; };
/* End PBXFileReference section */

/* Begin PBXFrameworksBuildPhase section */
		3D459B982C7353EA00AA1BB3 /* Frameworks */ = {
			isa = PBXFrameworksBuildPhase;
			buildActionMask = 2147483647;
			files = (
				3D459BC52C74EFCD00AA1BB3 /* UICircularProgressRing in Frameworks */,
				3D459BC22C74EAA200AA1BB3 /* DGChartsDynamic in Frameworks */,
				3D459BC02C74EAA200AA1BB3 /* DGCharts in Frameworks */,
			);
			runOnlyForDeploymentPostprocessing = 0;
		};
/* End PBXFrameworksBuildPhase section */

/* Begin PBXGroup section */
		3D459B922C7353EA00AA1BB3 = {
			isa = PBXGroup;
			children = (
				3D459BB22C73541C00AA1BB3 /* Delegates */,
				3D459BB92C73605100AA1BB3 /* Circular */,
				3D459BB52C73543A00AA1BB3 /* View */,
				3D459B9D2C7353EA00AA1BB3 /* Heal */,
				3D459B9C2C7353EA00AA1BB3 /* Products */,
			);
			sourceTree = "<group>";
		};
		3D459B9C2C7353EA00AA1BB3 /* Products */ = {
			isa = PBXGroup;
			children = (
				3D459B9B2C7353EA00AA1BB3 /* Heal.app */,
			);
			name = Products;
			sourceTree = "<group>";
		};
		3D459B9D2C7353EA00AA1BB3 /* Heal */ = {
			isa = PBXGroup;
			children = (
				3D459BA72C7353ED00AA1BB3 /* Assets.xcassets */,
				3D459BA92C7353ED00AA1BB3 /* LaunchScreen.storyboard */,
				3D459BAC2C7353ED00AA1BB3 /* Info.plist */,
			);
			path = Heal;
			sourceTree = "<group>";
		};
		3D459BB22C73541C00AA1BB3 /* Delegates */ = {
			isa = PBXGroup;
			children = (
				3D459B9E2C7353EA00AA1BB3 /* AppDelegate.swift */,
				3D459BA02C7353EA00AA1BB3 /* SceneDelegate.swift */,
			);
			path = Delegates;
			sourceTree = "<group>";
		};
		3D459BB52C73543A00AA1BB3 /* View */ = {
			isa = PBXGroup;
			children = (
				3D459BA22C7353EA00AA1BB3 /* HomeVC.swift */,
			);
			path = View;
			sourceTree = "<group>";
		};
		3D459BB92C73605100AA1BB3 /* Circular */ = {
			isa = PBXGroup;
			children = (
				3D459BC62C74F2ED00AA1BB3 /* CircularProgressView.swift */,
			);
			path = Circular;
			sourceTree = "<group>";
		};
/* End PBXGroup section */

/* Begin PBXNativeTarget section */
		3D459B9A2C7353EA00AA1BB3 /* Heal */ = {
			isa = PBXNativeTarget;
			buildConfigurationList = 3D459BAF2C7353ED00AA1BB3 /* Build configuration list for PBXNativeTarget "Heal" */;
			buildPhases = (
				3D459B972C7353EA00AA1BB3 /* Sources */,
				3D459B982C7353EA00AA1BB3 /* Frameworks */,
				3D459B992C7353EA00AA1BB3 /* Resources */,
			);
			buildRules = (
			);
			dependencies = (
			);
			name = Heal;
			packageProductDependencies = (
				3D459BBF2C74EAA200AA1BB3 /* DGCharts */,
				3D459BC12C74EAA200AA1BB3 /* DGChartsDynamic */,
				3D459BC42C74EFCD00AA1BB3 /* UICircularProgressRing */,
			);
			productName = Heal;
			productReference = 3D459B9B2C7353EA00AA1BB3 /* Heal.app */;
			productType = "com.apple.product-type.application";
		};
/* End PBXNativeTarget section */

/* Begin PBXProject section */
		3D459B932C7353EA00AA1BB3 /* Project object */ = {
			isa = PBXProject;
			attributes = {
				BuildIndependentTargetsInParallel = 1;
				LastSwiftUpdateCheck = 1500;
				LastUpgradeCheck = 1500;
				TargetAttributes = {
					3D459B9A2C7353EA00AA1BB3 = {
						CreatedOnToolsVersion = 15.0.1;
					};
				};
			};
			buildConfigurationList = 3D459B962C7353EA00AA1BB3 /* Build configuration list for PBXProject "Heal" */;
			compatibilityVersion = "Xcode 14.0";
			developmentRegion = en;
			hasScannedForEncodings = 0;
			knownRegions = (
				en,
				Base,
			);
			mainGroup = 3D459B922C7353EA00AA1BB3;
			packageReferences = (
				3D459BBE2C74EAA100AA1BB3 /* XCRemoteSwiftPackageReference "Charts" */,
				3D459BC32C74EFCD00AA1BB3 /* XCRemoteSwiftPackageReference "UICircularProgressRing" */,
			);
			productRefGroup = 3D459B9C2C7353EA00AA1BB3 /* Products */;
			projectDirPath = "";
			projectRoot = "";
			targets = (
				3D459B9A2C7353EA00AA1BB3 /* Heal */,
			);
		};
/* End PBXProject section */

/* Begin PBXResourcesBuildPhase section */
		3D459B992C7353EA00AA1BB3 /* Resources */ = {
			isa = PBXResourcesBuildPhase;
			buildActionMask = 2147483647;
			files = (
				3D459BAB2C7353ED00AA1BB3 /* LaunchScreen.storyboard in Resources */,
				3D459BA82C7353ED00AA1BB3 /* Assets.xcassets in Resources */,
			);
			runOnlyForDeploymentPostprocessing = 0;
		};
/* End PBXResourcesBuildPhase section */

/* Begin PBXSourcesBuildPhase section */
		3D459B972C7353EA00AA1BB3 /* Sources */ = {
			isa = PBXSourcesBuildPhase;
			buildActionMask = 2147483647;
			files = (
				3D459BA32C7353EA00AA1BB3 /* HomeVC.swift in Sources */,
				3D459B9F2C7353EA00AA1BB3 /* AppDelegate.swift in Sources */,
				3D459BC72C74F2ED00AA1BB3 /* CircularProgressView.swift in Sources */,
				3D459BA12C7353EA00AA1BB3 /* SceneDelegate.swift in Sources */,
			);
			runOnlyForDeploymentPostprocessing = 0;
		};
/* End PBXSourcesBuildPhase section */

/* Begin PBXVariantGroup section */
		3D459BA92C7353ED00AA1BB3 /* LaunchScreen.storyboard */ = {
			isa = PBXVariantGroup;
			children = (
				3D459BAA2C7353ED00AA1BB3 /* Base */,
			);
			name = LaunchScreen.storyboard;
			sourceTree = "<group>";
		};
/* End PBXVariantGroup section */

/* Begin XCBuildConfiguration section */
		3D459BAD2C7353ED00AA1BB3 /* Debug */ = {
			isa = XCBuildConfiguration;
			buildSettings = {
				ALWAYS_SEARCH_USER_PATHS = NO;
				ASSETCATALOG_COMPILER_GENERATE_SWIFT_ASSET_SYMBOL_EXTENSIONS = YES;
				CLANG_ANALYZER_NONNULL = YES;
				CLANG_ANALYZER_NUMBER_OBJECT_CONVERSION = YES_AGGRESSIVE;
				CLANG_CXX_LANGUAGE_STANDARD = "gnu++20";
				CLANG_ENABLE_MODULES = YES;
				CLANG_ENABLE_OBJC_ARC = YES;
				CLANG_ENABLE_OBJC_WEAK = YES;
				CLANG_WARN_BLOCK_CAPTURE_AUTORELEASING = YES;
				CLANG_WARN_BOOL_CONVERSION = YES;
				CLANG_WARN_COMMA = YES;
				CLANG_WARN_CONSTANT_CONVERSION = YES;
				CLANG_WARN_DEPRECATED_OBJC_IMPLEMENTATIONS = YES;
				CLANG_WARN_DIRECT_OBJC_ISA_USAGE = YES_ERROR;
				CLANG_WARN_DOCUMENTATION_COMMENTS = YES;
				CLANG_WARN_EMPTY_BODY = YES;
				CLANG_WARN_ENUM_CONVERSION = YES;
				CLANG_WARN_INFINITE_RECURSION = YES;
				CLANG_WARN_INT_CONVERSION = YES;
				CLANG_WARN_NON_LITERAL_NULL_CONVERSION = YES;
				CLANG_WARN_OBJC_IMPLICIT_RETAIN_SELF = YES;
				CLANG_WARN_OBJC_LITERAL_CONVERSION = YES;
				CLANG_WARN_OBJC_ROOT_CLASS = YES_ERROR;
				CLANG_WARN_QUOTED_INCLUDE_IN_FRAMEWORK_HEADER = YES;
				CLANG_WARN_RANGE_LOOP_ANALYSIS = YES;
				CLANG_WARN_STRICT_PROTOTYPES = YES;
				CLANG_WARN_SUSPICIOUS_MOVE = YES;
				CLANG_WARN_UNGUARDED_AVAILABILITY = YES_AGGRESSIVE;
				CLANG_WARN_UNREACHABLE_CODE = YES;
				CLANG_WARN__DUPLICATE_METHOD_MATCH = YES;
				COPY_PHASE_STRIP = NO;
				DEBUG_INFORMATION_FORMAT = dwarf;
				ENABLE_STRICT_OBJC_MSGSEND = YES;
				ENABLE_TESTABILITY = YES;
				ENABLE_USER_SCRIPT_SANDBOXING = YES;
				GCC_C_LANGUAGE_STANDARD = gnu17;
				GCC_DYNAMIC_NO_PIC = NO;
				GCC_NO_COMMON_BLOCKS = YES;
				GCC_OPTIMIZATION_LEVEL = 0;
				GCC_PREPROCESSOR_DEFINITIONS = (
					"DEBUG=1",
					"$(inherited)",
				);
				GCC_WARN_64_TO_32_BIT_CONVERSION = YES;
				GCC_WARN_ABOUT_RETURN_TYPE = YES_ERROR;
				GCC_WARN_UNDECLARED_SELECTOR = YES;
				GCC_WARN_UNINITIALIZED_AUTOS = YES_AGGRESSIVE;
				GCC_WARN_UNUSED_FUNCTION = YES;
				GCC_WARN_UNUSED_VARIABLE = YES;
				IPHONEOS_DEPLOYMENT_TARGET = 17.0;
				LOCALIZATION_PREFERS_STRING_CATALOGS = YES;
				MTL_ENABLE_DEBUG_INFO = INCLUDE_SOURCE;
				MTL_FAST_MATH = YES;
				ONLY_ACTIVE_ARCH = YES;
				SDKROOT = iphoneos;
				SWIFT_ACTIVE_COMPILATION_CONDITIONS = "DEBUG $(inherited)";
				SWIFT_OPTIMIZATION_LEVEL = "-Onone";
			};
			name = Debug;
		};
		3D459BAE2C7353ED00AA1BB3 /* Release */ = {
			isa = XCBuildConfiguration;
			buildSettings = {
				ALWAYS_SEARCH_USER_PATHS = NO;
				ASSETCATALOG_COMPILER_GENERATE_SWIFT_ASSET_SYMBOL_EXTENSIONS = YES;
				CLANG_ANALYZER_NONNULL = YES;
				CLANG_ANALYZER_NUMBER_OBJECT_CONVERSION = YES_AGGRESSIVE;
				CLANG_CXX_LANGUAGE_STANDARD = "gnu++20";
				CLANG_ENABLE_MODULES = YES;
				CLANG_ENABLE_OBJC_ARC = YES;
				CLANG_ENABLE_OBJC_WEAK = YES;
				CLANG_WARN_BLOCK_CAPTURE_AUTORELEASING = YES;
				CLANG_WARN_BOOL_CONVERSION = YES;
				CLANG_WARN_COMMA = YES;
				CLANG_WARN_CONSTANT_CONVERSION = YES;
				CLANG_WARN_DEPRECATED_OBJC_IMPLEMENTATIONS = YES;
				CLANG_WARN_DIRECT_OBJC_ISA_USAGE = YES_ERROR;
				CLANG_WARN_DOCUMENTATION_COMMENTS = YES;
				CLANG_WARN_EMPTY_BODY = YES;
				CLANG_WARN_ENUM_CONVERSION = YES;
				CLANG_WARN_INFINITE_RECURSION = YES;
				CLANG_WARN_INT_CONVERSION = YES;
				CLANG_WARN_NON_LITERAL_NULL_CONVERSION = YES;
				CLANG_WARN_OBJC_IMPLICIT_RETAIN_SELF = YES;
				CLANG_WARN_OBJC_LITERAL_CONVERSION = YES;
				CLANG_WARN_OBJC_ROOT_CLASS = YES_ERROR;
				CLANG_WARN_QUOTED_INCLUDE_IN_FRAMEWORK_HEADER = YES;
				CLANG_WARN_RANGE_LOOP_ANALYSIS = YES;
				CLANG_WARN_STRICT_PROTOTYPES = YES;
				CLANG_WARN_SUSPICIOUS_MOVE = YES;
				CLANG_WARN_UNGUARDED_AVAILABILITY = YES_AGGRESSIVE;
				CLANG_WARN_UNREACHABLE_CODE = YES;
				CLANG_WARN__DUPLICATE_METHOD_MATCH = YES;
				COPY_PHASE_STRIP = NO;
				DEBUG_INFORMATION_FORMAT = "dwarf-with-dsym";
				ENABLE_NS_ASSERTIONS = NO;
				ENABLE_STRICT_OBJC_MSGSEND = YES;
				ENABLE_USER_SCRIPT_SANDBOXING = YES;
				GCC_C_LANGUAGE_STANDARD = gnu17;
				GCC_NO_COMMON_BLOCKS = YES;
				GCC_WARN_64_TO_32_BIT_CONVERSION = YES;
				GCC_WARN_ABOUT_RETURN_TYPE = YES_ERROR;
				GCC_WARN_UNDECLARED_SELECTOR = YES;
				GCC_WARN_UNINITIALIZED_AUTOS = YES_AGGRESSIVE;
				GCC_WARN_UNUSED_FUNCTION = YES;
				GCC_WARN_UNUSED_VARIABLE = YES;
				IPHONEOS_DEPLOYMENT_TARGET = 17.0;
				LOCALIZATION_PREFERS_STRING_CATALOGS = YES;
				MTL_ENABLE_DEBUG_INFO = NO;
				MTL_FAST_MATH = YES;
				SDKROOT = iphoneos;
				SWIFT_COMPILATION_MODE = wholemodule;
				VALIDATE_PRODUCT = YES;
			};
			name = Release;
		};
		3D459BB02C7353ED00AA1BB3 /* Debug */ = {
			isa = XCBuildConfiguration;
			buildSettings = {
				ASSETCATALOG_COMPILER_APPICON_NAME = AppIcon;
				ASSETCATALOG_COMPILER_GLOBAL_ACCENT_COLOR_NAME = AccentColor;
				CODE_SIGN_STYLE = Automatic;
				CURRENT_PROJECT_VERSION = 1;
				GENERATE_INFOPLIST_FILE = YES;
				INFOPLIST_FILE = Heal/Info.plist;
				INFOPLIST_KEY_UIApplicationSupportsIndirectInputEvents = YES;
				INFOPLIST_KEY_UILaunchStoryboardName = LaunchScreen;
				INFOPLIST_KEY_UISupportedInterfaceOrientations_iPad = "UIInterfaceOrientationPortrait UIInterfaceOrientationPortraitUpsideDown UIInterfaceOrientationLandscapeLeft UIInterfaceOrientationLandscapeRight";
				INFOPLIST_KEY_UISupportedInterfaceOrientations_iPhone = "UIInterfaceOrientationPortrait UIInterfaceOrientationLandscapeLeft UIInterfaceOrientationLandscapeRight";
				LD_RUNPATH_SEARCH_PATHS = (
					"$(inherited)",
					"@executable_path/Frameworks",
				);
				MARKETING_VERSION = 1.0;
				PRODUCT_BUNDLE_IDENTIFIER = com.fatihoguz.Heal;
				PRODUCT_NAME = "$(TARGET_NAME)";
				SWIFT_EMIT_LOC_STRINGS = YES;
				SWIFT_VERSION = 5.0;
				TARGETED_DEVICE_FAMILY = "1,2";
			};
			name = Debug;
		};
		3D459BB12C7353ED00AA1BB3 /* Release */ = {
			isa = XCBuildConfiguration;
			buildSettings = {
				ASSETCATALOG_COMPILER_APPICON_NAME = AppIcon;
				ASSETCATALOG_COMPILER_GLOBAL_ACCENT_COLOR_NAME = AccentColor;
				CODE_SIGN_STYLE = Automatic;
				CURRENT_PROJECT_VERSION = 1;
				GENERATE_INFOPLIST_FILE = YES;
				INFOPLIST_FILE = Heal/Info.plist;
				INFOPLIST_KEY_UIApplicationSupportsIndirectInputEvents = YES;
				INFOPLIST_KEY_UILaunchStoryboardName = LaunchScreen;
				INFOPLIST_KEY_UISupportedInterfaceOrientations_iPad = "UIInterfaceOrientationPortrait UIInterfaceOrientationPortraitUpsideDown UIInterfaceOrientationLandscapeLeft UIInterfaceOrientationLandscapeRight";
				INFOPLIST_KEY_UISupportedInterfaceOrientations_iPhone = "UIInterfaceOrientationPortrait UIInterfaceOrientationLandscapeLeft UIInterfaceOrientationLandscapeRight";
				LD_RUNPATH_SEARCH_PATHS = (
					"$(inherited)",
					"@executable_path/Frameworks",
				);
				MARKETING_VERSION = 1.0;
				PRODUCT_BUNDLE_IDENTIFIER = com.fatihoguz.Heal;
				PRODUCT_NAME = "$(TARGET_NAME)";
				SWIFT_EMIT_LOC_STRINGS = YES;
				SWIFT_VERSION = 5.0;
				TARGETED_DEVICE_FAMILY = "1,2";
			};
			name = Release;
		};
/* End XCBuildConfiguration section */

/* Begin XCConfigurationList section */
		3D459B962C7353EA00AA1BB3 /* Build configuration list for PBXProject "Heal" */ = {
			isa = XCConfigurationList;
			buildConfigurations = (
				3D459BAD2C7353ED00AA1BB3 /* Debug */,
				3D459BAE2C7353ED00AA1BB3 /* Release */,
			);
			defaultConfigurationIsVisible = 0;
			defaultConfigurationName = Release;
		};
		3D459BAF2C7353ED00AA1BB3 /* Build configuration list for PBXNativeTarget "Heal" */ = {
			isa = XCConfigurationList;
			buildConfigurations = (
				3D459BB02C7353ED00AA1BB3 /* Debug */,
				3D459BB12C7353ED00AA1BB3 /* Release */,
			);
			defaultConfigurationIsVisible = 0;
			defaultConfigurationName = Release;
		};
/* End XCConfigurationList section */

/* Begin XCRemoteSwiftPackageReference section */
		3D459BBE2C74EAA100AA1BB3 /* XCRemoteSwiftPackageReference "Charts" */ = {
			isa = XCRemoteSwiftPackageReference;
			repositoryURL = "https://github.com/danielgindi/Charts.git";
			requirement = {
				kind = upToNextMajorVersion;
				minimumVersion = 5.1.0;
			};
		};
		3D459BC32C74EFCD00AA1BB3 /* XCRemoteSwiftPackageReference "UICircularProgressRing" */ = {
			isa = XCRemoteSwiftPackageReference;
			repositoryURL = "https://github.com/luispadron/UICircularProgressRing.git";
			requirement = {
				branch = master;
				kind = branch;
			};
		};
/* End XCRemoteSwiftPackageReference section */

/* Begin XCSwiftPackageProductDependency section */
		3D459BBF2C74EAA200AA1BB3 /* DGCharts */ = {
			isa = XCSwiftPackageProductDependency;
			package = 3D459BBE2C74EAA100AA1BB3 /* XCRemoteSwiftPackageReference "Charts" */;
			productName = DGCharts;
		};
		3D459BC12C74EAA200AA1BB3 /* DGChartsDynamic */ = {
			isa = XCSwiftPackageProductDependency;
			package = 3D459BBE2C74EAA100AA1BB3 /* XCRemoteSwiftPackageReference "Charts" */;
			productName = DGChartsDynamic;
		};
		3D459BC42C74EFCD00AA1BB3 /* UICircularProgressRing */ = {
			isa = XCSwiftPackageProductDependency;
			package = 3D459BC32C74EFCD00AA1BB3 /* XCRemoteSwiftPackageReference "UICircularProgressRing" */;
			productName = UICircularProgressRing;
		};
/* End XCSwiftPackageProductDependency section */
	};
	rootObject = 3D459B932C7353EA00AA1BB3 /* Project object */;
}
